// !$*UTF8*$!
{
	archiveVersion = 1;
	classes = {
	};
	objectVersion = 50;
	objects = {

/* Begin PBXBuildFile section */
		62F7FCD8B0D3F516153916D7 /* Pods_Example.framework in Frameworks */ = {isa = PBXBuildFile; fileRef = DE75752CBC66A2B00E4AE427 /* Pods_Example.framework */; };
		848DAE9D221BD3540086716A /* HUD.m in Sources */ = {isa = PBXBuildFile; fileRef = 848DAE9C221BD3540086716A /* HUD.m */; };
		848DAE9F221BD37D0086716A /* CSHud.podspec in Resources */ = {isa = PBXBuildFile; fileRef = 848DAE9E221BD37D0086716A /* CSHud.podspec */; };
		848DAEA1221BD4350086716A /* README.md in Resources */ = {isa = PBXBuildFile; fileRef = 848DAEA0221BD4350086716A /* README.md */; };
		84DBA5B8217978E500C2CF95 /* AppDelegate.m in Sources */ = {isa = PBXBuildFile; fileRef = 84DBA5B7217978E500C2CF95 /* AppDelegate.m */; };
		84DBA5BB217978E500C2CF95 /* ViewController.m in Sources */ = {isa = PBXBuildFile; fileRef = 84DBA5BA217978E500C2CF95 /* ViewController.m */; };
		84DBA5BE217978E500C2CF95 /* Main.storyboard in Resources */ = {isa = PBXBuildFile; fileRef = 84DBA5BC217978E500C2CF95 /* Main.storyboard */; };
		84DBA5C0217978E600C2CF95 /* Assets.xcassets in Resources */ = {isa = PBXBuildFile; fileRef = 84DBA5BF217978E600C2CF95 /* Assets.xcassets */; };
		84DBA5C3217978E600C2CF95 /* LaunchScreen.storyboard in Resources */ = {isa = PBXBuildFile; fileRef = 84DBA5C1217978E600C2CF95 /* LaunchScreen.storyboard */; };
		84DBA5C6217978E600C2CF95 /* main.m in Sources */ = {isa = PBXBuildFile; fileRef = 84DBA5C5217978E600C2CF95 /* main.m */; };
/* End PBXBuildFile section */

/* Begin PBXFileReference section */
		848DAE9B221BD3540086716A /* HUD.h */ = {isa = PBXFileReference; fileEncoding = 4; lastKnownFileType = sourcecode.c.h; path = HUD.h; sourceTree = "<group>"; };
		848DAE9C221BD3540086716A /* HUD.m */ = {isa = PBXFileReference; fileEncoding = 4; lastKnownFileType = sourcecode.c.objc; path = HUD.m; sourceTree = "<group>"; };
		848DAE9E221BD37D0086716A /* CSHud.podspec */ = {isa = PBXFileReference; fileEncoding = 4; lastKnownFileType = text; name = CSHud.podspec; path = ../CSHud.podspec; sourceTree = "<group>"; };
		848DAEA0221BD4350086716A /* README.md */ = {isa = PBXFileReference; fileEncoding = 4; lastKnownFileType = net.daringfireball.markdown; name = README.md; path = ../README.md; sourceTree = "<group>"; };
		84DBA5B3217978E500C2CF95 /* Example.app */ = {isa = PBXFileReference; explicitFileType = wrapper.application; includeInIndex = 0; path = Example.app; sourceTree = BUILT_PRODUCTS_DIR; };
		84DBA5B6217978E500C2CF95 /* AppDelegate.h */ = {isa = PBXFileReference; lastKnownFileType = sourcecode.c.h; path = AppDelegate.h; sourceTree = "<group>"; };
		84DBA5B7217978E500C2CF95 /* AppDelegate.m */ = {isa = PBXFileReference; lastKnownFileType = sourcecode.c.objc; path = AppDelegate.m; sourceTree = "<group>"; };
		84DBA5B9217978E500C2CF95 /* ViewController.h */ = {isa = PBXFileReference; lastKnownFileType = sourcecode.c.h; path = ViewController.h; sourceTree = "<group>"; };
		84DBA5BA217978E500C2CF95 /* ViewController.m */ = {isa = PBXFileReference; lastKnownFileType = sourcecode.c.objc; path = ViewController.m; sourceTree = "<group>"; };
		84DBA5BD217978E500C2CF95 /* Base */ = {isa = PBXFileReference; lastKnownFileType = file.storyboard; name = Base; path = Base.lproj/Main.storyboard; sourceTree = "<group>"; };
		84DBA5BF217978E600C2CF95 /* Assets.xcassets */ = {isa = PBXFileReference; lastKnownFileType = folder.assetcatalog; path = Assets.xcassets; sourceTree = "<group>"; };
		84DBA5C2217978E600C2CF95 /* Base */ = {isa = PBXFileReference; lastKnownFileType = file.storyboard; name = Base; path = Base.lproj/LaunchScreen.storyboard; sourceTree = "<group>"; };
		84DBA5C4217978E600C2CF95 /* Info.plist */ = {isa = PBXFileReference; lastKnownFileType = text.plist.xml; path = Info.plist; sourceTree = "<group>"; };
		84DBA5C5217978E600C2CF95 /* main.m */ = {isa = PBXFileReference; lastKnownFileType = sourcecode.c.objc; path = main.m; sourceTree = "<group>"; };
		9C0658B9C0F8D2E4E79F3CED /* Pods-Example.debug.xcconfig */ = {isa = PBXFileReference; includeInIndex = 1; lastKnownFileType = text.xcconfig; name = "Pods-Example.debug.xcconfig"; path = "Pods/Target Support Files/Pods-Example/Pods-Example.debug.xcconfig"; sourceTree = "<group>"; };
		C6D83D4BA8A942C3D2FE6274 /* Pods-Example.release.xcconfig */ = {isa = PBXFileReference; includeInIndex = 1; lastKnownFileType = text.xcconfig; name = "Pods-Example.release.xcconfig"; path = "Pods/Target Support Files/Pods-Example/Pods-Example.release.xcconfig"; sourceTree = "<group>"; };
		DE75752CBC66A2B00E4AE427 /* Pods_Example.framework */ = {isa = PBXFileReference; explicitFileType = wrapper.framework; includeInIndex = 0; path = Pods_Example.framework; sourceTree = BUILT_PRODUCTS_DIR; };
/* End PBXFileReference section */

/* Begin PBXFrameworksBuildPhase section */
		84DBA5B0217978E500C2CF95 /* Frameworks */ = {
			isa = PBXFrameworksBuildPhase;
			buildActionMask = 2147483647;
			files = (
				62F7FCD8B0D3F516153916D7 /* Pods_Example.framework in Frameworks */,
			);
			runOnlyForDeploymentPostprocessing = 0;
		};
/* End PBXFrameworksBuildPhase section */

/* Begin PBXGroup section */
		3B038135D9B836D856F9130C /* Frameworks */ = {
			isa = PBXGroup;
			children = (
				DE75752CBC66A2B00E4AE427 /* Pods_Example.framework */,
			);
			name = Frameworks;
			sourceTree = "<group>";
		};
		5F72C34ED06F90C97A5BB97C /* Pods */ = {
			isa = PBXGroup;
			children = (
				9C0658B9C0F8D2E4E79F3CED /* Pods-Example.debug.xcconfig */,
				C6D83D4BA8A942C3D2FE6274 /* Pods-Example.release.xcconfig */,
			);
			name = Pods;
			sourceTree = "<group>";
		};
		848DAE9A221BD3540086716A /* CSHud */ = {
			isa = PBXGroup;
			children = (
				848DAE9B221BD3540086716A /* HUD.h */,
				848DAE9C221BD3540086716A /* HUD.m */,
			);
			name = CSHud;
			path = ../CSHud;
			sourceTree = "<group>";
		};
		84DBA5AA217978E500C2CF95 = {
			isa = PBXGroup;
			children = (
				848DAE9A221BD3540086716A /* CSHud */,
				84DBA5B5217978E500C2CF95 /* Example-OC */,
				84DBA5B4217978E500C2CF95 /* Products */,
				5F72C34ED06F90C97A5BB97C /* Pods */,
				3B038135D9B836D856F9130C /* Frameworks */,
				848DAE9E221BD37D0086716A /* CSHud.podspec */,
				848DAEA0221BD4350086716A /* README.md */,
			);
			sourceTree = "<group>";
		};
		84DBA5B4217978E500C2CF95 /* Products */ = {
			isa = PBXGroup;
			children = (
				84DBA5B3217978E500C2CF95 /* Example.app */,
			);
			name = Products;
			sourceTree = "<group>";
		};
		84DBA5B5217978E500C2CF95 /* Example-OC */ = {
			isa = PBXGroup;
			children = (
				84DBA5B6217978E500C2CF95 /* AppDelegate.h */,
				84DBA5B7217978E500C2CF95 /* AppDelegate.m */,
				84DBA5B9217978E500C2CF95 /* ViewController.h */,
				84DBA5BA217978E500C2CF95 /* ViewController.m */,
				84DBA5BC217978E500C2CF95 /* Main.storyboard */,
				84DBA5BF217978E600C2CF95 /* Assets.xcassets */,
				84DBA5C1217978E600C2CF95 /* LaunchScreen.storyboard */,
				84DBA5C4217978E600C2CF95 /* Info.plist */,
				84DBA5C5217978E600C2CF95 /* main.m */,
			);
			path = "Example-OC";
			sourceTree = "<group>";
		};
/* End PBXGroup section */

/* Begin PBXNativeTarget section */
		84DBA5B2217978E500C2CF95 /* Example */ = {
			isa = PBXNativeTarget;
			buildConfigurationList = 84DBA5C9217978E600C2CF95 /* Build configuration list for PBXNativeTarget "Example" */;
			buildPhases = (
				EBA59A9F9DEFA7A7D991A130 /* [CP] Check Pods Manifest.lock */,
				84DBA5AF217978E500C2CF95 /* Sources */,
				84DBA5B0217978E500C2CF95 /* Frameworks */,
				84DBA5B1217978E500C2CF95 /* Resources */,
				434998EEE15AE7AE650CDC74 /* [CP] Embed Pods Frameworks */,
			);
			buildRules = (
			);
			dependencies = (
			);
			name = Example;
			productName = Example;
			productReference = 84DBA5B3217978E500C2CF95 /* Example.app */;
			productType = "com.apple.product-type.application";
		};
/* End PBXNativeTarget section */

/* Begin PBXProject section */
		84DBA5AB217978E500C2CF95 /* Project object */ = {
			isa = PBXProject;
			attributes = {
				LastUpgradeCheck = 1000;
				ORGANIZATIONNAME = admin;
				TargetAttributes = {
					84DBA5B2217978E500C2CF95 = {
						CreatedOnToolsVersion = 10.0;
					};
				};
			};
			buildConfigurationList = 84DBA5AE217978E500C2CF95 /* Build configuration list for PBXProject "Example" */;
			compatibilityVersion = "Xcode 9.3";
			developmentRegion = en;
			hasScannedForEncodings = 0;
			knownRegions = (
				en,
				Base,
			);
			mainGroup = 84DBA5AA217978E500C2CF95;
			productRefGroup = 84DBA5B4217978E500C2CF95 /* Products */;
			projectDirPath = "";
			projectRoot = "";
			targets = (
				84DBA5B2217978E500C2CF95 /* Example */,
			);
		};
/* End PBXProject section */

/* Begin PBXResourcesBuildPhase section */
		84DBA5B1217978E500C2CF95 /* Resources */ = {
			isa = PBXResourcesBuildPhase;
			buildActionMask = 2147483647;
			files = (
				848DAE9F221BD37D0086716A /* CSHud.podspec in Resources */,
				84DBA5C3217978E600C2CF95 /* LaunchScreen.storyboard in Resources */,
				848DAEA1221BD4350086716A /* README.md in Resources */,
				84DBA5C0217978E600C2CF95 /* Assets.xcassets in Resources */,
				84DBA5BE217978E500C2CF95 /* Main.storyboard in Resources */,
			);
			runOnlyForDeploymentPostprocessing = 0;
		};
/* End PBXResourcesBuildPhase section */

/* Begin PBXShellScriptBuildPhase section */
		434998EEE15AE7AE650CDC74 /* [CP] Embed Pods Frameworks */ = {
			isa = PBXShellScriptBuildPhase;
			buildActionMask = 2147483647;
			files = (
			);
			inputPaths = (
				"${SRCROOT}/Pods/Target Support Files/Pods-Example/Pods-Example-frameworks.sh",
				"${BUILT_PRODUCTS_DIR}/MBProgressHUD/MBProgressHUD.framework",
			);
			name = "[CP] Embed Pods Frameworks";
			outputPaths = (
				"${TARGET_BUILD_DIR}/${FRAMEWORKS_FOLDER_PATH}/MBProgressHUD.framework",
			);
			runOnlyForDeploymentPostprocessing = 0;
			shellPath = /bin/sh;
			shellScript = "\"${SRCROOT}/Pods/Target Support Files/Pods-Example/Pods-Example-frameworks.sh\"\n";
			showEnvVarsInLog = 0;
		};
		EBA59A9F9DEFA7A7D991A130 /* [CP] Check Pods Manifest.lock */ = {
			isa = PBXShellScriptBuildPhase;
			buildActionMask = 2147483647;
			files = (
			);
			inputPaths = (
				"${PODS_PODFILE_DIR_PATH}/Podfile.lock",
				"${PODS_ROOT}/Manifest.lock",
			);
			name = "[CP] Check Pods Manifest.lock";
			outputPaths = (
				"$(DERIVED_FILE_DIR)/Pods-Example-checkManifestLockResult.txt",
			);
			runOnlyForDeploymentPostprocessing = 0;
			shellPath = /bin/sh;
			shellScript = "diff \"${PODS_PODFILE_DIR_PATH}/Podfile.lock\" \"${PODS_ROOT}/Manifest.lock\" > /dev/null\nif [ $? != 0 ] ; then\n    # print error to STDERR\n    echo \"error: The sandbox is not in sync with the Podfile.lock. Run 'pod install' or update your CocoaPods installation.\" >&2\n    exit 1\nfi\n# This output is used by Xcode 'outputs' to avoid re-running this script phase.\necho \"SUCCESS\" > \"${SCRIPT_OUTPUT_FILE_0}\"\n";
			showEnvVarsInLog = 0;
		};
/* End PBXShellScriptBuildPhase section */

/* Begin PBXSourcesBuildPhase section */
		84DBA5AF217978E500C2CF95 /* Sources */ = {
			isa = PBXSourcesBuildPhase;
			buildActionMask = 2147483647;
			files = (
				84DBA5BB217978E500C2CF95 /* ViewController.m in Sources */,
				848DAE9D221BD3540086716A /* HUD.m in Sources */,
				84DBA5C6217978E600C2CF95 /* main.m in Sources */,
				84DBA5B8217978E500C2CF95 /* AppDelegate.m in Sources */,
			);
			runOnlyForDeploymentPostprocessing = 0;
		};
/* End PBXSourcesBuildPhase section */

/* Begin PBXVariantGroup section */
		84DBA5BC217978E500C2CF95 /* Main.storyboard */ = {
			isa = PBXVariantGroup;
			children = (
				84DBA5BD217978E500C2CF95 /* Base */,
			);
			name = Main.storyboard;
			sourceTree = "<group>";
		};
		84DBA5C1217978E600C2CF95 /* LaunchScreen.storyboard */ = {
			isa = PBXVariantGroup;
			children = (
				84DBA5C2217978E600C2CF95 /* Base */,
			);
			name = LaunchScreen.storyboard;
			sourceTree = "<group>";
		};
/* End PBXVariantGroup section */

/* Begin XCBuildConfiguration section */
		84DBA5C7217978E600C2CF95 /* Debug */ = {
			isa = XCBuildConfiguration;
			buildSettings = {
				ALWAYS_SEARCH_USER_PATHS = NO;
				CLANG_ANALYZER_NONNULL = YES;
				CLANG_ANALYZER_NUMBER_OBJECT_CONVERSION = YES_AGGRESSIVE;
				CLANG_CXX_LANGUAGE_STANDARD = "gnu++14";
				CLANG_CXX_LIBRARY = "libc++";
				CLANG_ENABLE_MODULES = YES;
				CLANG_ENABLE_OBJC_ARC = YES;
				CLANG_ENABLE_OBJC_WEAK = YES;
				CLANG_WARN_BLOCK_CAPTURE_AUTORELEASING = YES;
				CLANG_WARN_BOOL_CONVERSION = YES;
				CLANG_WARN_COMMA = YES;
				CLANG_WARN_CONSTANT_CONVERSION = YES;
				CLANG_WARN_DEPRECATED_OBJC_IMPLEMENTATIONS = YES;
				CLANG_WARN_DIRECT_OBJC_ISA_USAGE = YES_ERROR;
				CLANG_WARN_DOCUMENTATION_COMMENTS = YES;
				CLANG_WARN_EMPTY_BODY = YES;
				CLANG_WARN_ENUM_CONVERSION = YES;
				CLANG_WARN_INFINITE_RECURSION = YES;
				CLANG_WARN_INT_CONVERSION = YES;
				CLANG_WARN_NON_LITERAL_NULL_CONVERSION = YES;
				CLANG_WARN_OBJC_IMPLICIT_RETAIN_SELF = YES;
				CLANG_WARN_OBJC_LITERAL_CONVERSION = YES;
				CLANG_WARN_OBJC_ROOT_CLASS = YES_ERROR;
				CLANG_WARN_RANGE_LOOP_ANALYSIS = YES;
				CLANG_WARN_STRICT_PROTOTYPES = YES;
				CLANG_WARN_SUSPICIOUS_MOVE = YES;
				CLANG_WARN_UNGUARDED_AVAILABILITY = YES_AGGRESSIVE;
				CLANG_WARN_UNREACHABLE_CODE = YES;
				CLANG_WARN__DUPLICATE_METHOD_MATCH = YES;
				CODE_SIGN_IDENTITY = "iPhone Developer";
				COPY_PHASE_STRIP = NO;
				DEBUG_INFORMATION_FORMAT = dwarf;
				ENABLE_STRICT_OBJC_MSGSEND = YES;
				ENABLE_TESTABILITY = YES;
				GCC_C_LANGUAGE_STANDARD = gnu11;
				GCC_DYNAMIC_NO_PIC = NO;
				GCC_NO_COMMON_BLOCKS = YES;
				GCC_OPTIMIZATION_LEVEL = 0;
				GCC_PREPROCESSOR_DEFINITIONS = (
					"DEBUG=1",
					"$(inherited)",
				);
				GCC_WARN_64_TO_32_BIT_CONVERSION = YES;
				GCC_WARN_ABOUT_RETURN_TYPE = YES_ERROR;
				GCC_WARN_UNDECLARED_SELECTOR = YES;
				GCC_WARN_UNINITIALIZED_AUTOS = YES_AGGRESSIVE;
				GCC_WARN_UNUSED_FUNCTION = YES;
				GCC_WARN_UNUSED_VARIABLE = YES;
				IPHONEOS_DEPLOYMENT_TARGET = 12.0;
				MTL_ENABLE_DEBUG_INFO = INCLUDE_SOURCE;
				MTL_FAST_MATH = YES;
				ONLY_ACTIVE_ARCH = YES;
				SDKROOT = iphoneos;
			};
			name = Debug;
		};
		84DBA5C8217978E600C2CF95 /* Release */ = {
			isa = XCBuildConfiguration;
			buildSettings = {
				ALWAYS_SEARCH_USER_PATHS = NO;
				CLANG_ANALYZER_NONNULL = YES;
				CLANG_ANALYZER_NUMBER_OBJECT_CONVERSION = YES_AGGRESSIVE;
				CLANG_CXX_LANGUAGE_STANDARD = "gnu++14";
				CLANG_CXX_LIBRARY = "libc++";
				CLANG_ENABLE_MODULES = YES;
				CLANG_ENABLE_OBJC_ARC = YES;
				CLANG_ENABLE_OBJC_WEAK = YES;
				CLANG_WARN_BLOCK_CAPTURE_AUTORELEASING = YES;
				CLANG_WARN_BOOL_CONVERSION = YES;
				CLANG_WARN_COMMA = YES;
				CLANG_WARN_CONSTANT_CONVERSION = YES;
				CLANG_WARN_DEPRECATED_OBJC_IMPLEMENTATIONS = YES;
				CLANG_WARN_DIRECT_OBJC_ISA_USAGE = YES_ERROR;
				CLANG_WARN_DOCUMENTATION_COMMENTS = YES;
				CLANG_WARN_EMPTY_BODY = YES;
				CLANG_WARN_ENUM_CONVERSION = YES;
				CLANG_WARN_INFINITE_RECURSION = YES;
				CLANG_WARN_INT_CONVERSION = YES;
				CLANG_WARN_NON_LITERAL_NULL_CONVERSION = YES;
				CLANG_WARN_OBJC_IMPLICIT_RETAIN_SELF = YES;
				CLANG_WARN_OBJC_LITERAL_CONVERSION = YES;
				CLANG_WARN_OBJC_ROOT_CLASS = YES_ERROR;
				CLANG_WARN_RANGE_LOOP_ANALYSIS = YES;
				CLANG_WARN_STRICT_PROTOTYPES = YES;
				CLANG_WARN_SUSPICIOUS_MOVE = YES;
				CLANG_WARN_UNGUARDED_AVAILABILITY = YES_AGGRESSIVE;
				CLANG_WARN_UNREACHABLE_CODE = YES;
				CLANG_WARN__DUPLICATE_METHOD_MATCH = YES;
				CODE_SIGN_IDENTITY = "iPhone Developer";
				COPY_PHASE_STRIP = NO;
				DEBUG_INFORMATION_FORMAT = "dwarf-with-dsym";
				ENABLE_NS_ASSERTIONS = NO;
				ENABLE_STRICT_OBJC_MSGSEND = YES;
				GCC_C_LANGUAGE_STANDARD = gnu11;
				GCC_NO_COMMON_BLOCKS = YES;
				GCC_WARN_64_TO_32_BIT_CONVERSION = YES;
				GCC_WARN_ABOUT_RETURN_TYPE = YES_ERROR;
				GCC_WARN_UNDECLARED_SELECTOR = YES;
				GCC_WARN_UNINITIALIZED_AUTOS = YES_AGGRESSIVE;
				GCC_WARN_UNUSED_FUNCTION = YES;
				GCC_WARN_UNUSED_VARIABLE = YES;
				IPHONEOS_DEPLOYMENT_TARGET = 12.0;
				MTL_ENABLE_DEBUG_INFO = NO;
				MTL_FAST_MATH = YES;
				SDKROOT = iphoneos;
				VALIDATE_PRODUCT = YES;
			};
			name = Release;
		};
		84DBA5CA217978E600C2CF95 /* Debug */ = {
			isa = XCBuildConfiguration;
			baseConfigurationReference = 9C0658B9C0F8D2E4E79F3CED /* Pods-Example.debug.xcconfig */;
			buildSettings = {
				ASSETCATALOG_COMPILER_APPICON_NAME = AppIcon;
				CODE_SIGN_STYLE = Automatic;
				INFOPLIST_FILE = "$(SRCROOT)/Example-OC/Info.plist";
				IPHONEOS_DEPLOYMENT_TARGET = 10.0;
				LD_RUNPATH_SEARCH_PATHS = (
					"$(inherited)",
					"@executable_path/Frameworks",
				);
				PRODUCT_BUNDLE_IDENTIFIER = com.joslyn.Example;
				PRODUCT_NAME = "$(TARGET_NAME)";
				TARGETED_DEVICE_FAMILY = "1,2";
			};
			name = Debug;
		};
		84DBA5CB217978E600C2CF95 /* Release */ = {
			isa = XCBuildConfiguration;
			baseConfigurationReference = C6D83D4BA8A942C3D2FE6274 /* Pods-Example.release.xcconfig */;
			buildSettings = {
				ASSETCATALOG_COMPILER_APPICON_NAME = AppIcon;
				CODE_SIGN_STYLE = Automatic;
				INFOPLIST_FILE = "$(SRCROOT)/Example-OC/Info.plist";
				IPHONEOS_DEPLOYMENT_TARGET = 10.0;
				LD_RUNPATH_SEARCH_PATHS = (
					"$(inherited)",
					"@executable_path/Frameworks",
				);
				PRODUCT_BUNDLE_IDENTIFIER = com.joslyn.Example;
				PRODUCT_NAME = "$(TARGET_NAME)";
				TARGETED_DEVICE_FAMILY = "1,2";
			};
			name = Release;
		};
/* End XCBuildConfiguration section */

/* Begin XCConfigurationList section */
		84DBA5AE217978E500C2CF95 /* Build configuration list for PBXProject "Example" */ = {
			isa = XCConfigurationList;
			buildConfigurations = (
				84DBA5C7217978E600C2CF95 /* Debug */,
				84DBA5C8217978E600C2CF95 /* Release */,
			);
			defaultConfigurationIsVisible = 0;
			defaultConfigurationName = Release;
		};
		84DBA5C9217978E600C2CF95 /* Build configuration list for PBXNativeTarget "Example" */ = {
			isa = XCConfigurationList;
			buildConfigurations = (
				84DBA5CA217978E600C2CF95 /* Debug */,
				84DBA5CB217978E600C2CF95 /* Release */,
			);
			defaultConfigurationIsVisible = 0;
			defaultConfigurationName = Release;
		};
/* End XCConfigurationList section */
	};
	rootObject = 84DBA5AB217978E500C2CF95 /* Project object */;
}
